
Microsoft Visual Studio Solution File, Format Version 12.00
# Visual Studio Version 16
VisualStudioVersion = 16.0.30225.117
MinimumVisualStudioVersion = 10.0.40219.1
Project("{FAE04EC0-301F-11D3-BF4B-00C04F79EFBC}") = "Test", "Test\Test.csproj", "{857A2F9F-D218-4275-AE49-CBD485D1571A}"
EndProject
Global
	GlobalSection(SolutionConfigurationPlatforms) = preSolution
		Debug|Any CPU = Debug|Any CPU
		Release|Any CPU = Release|Any CPU
	EndGlobalSection
	GlobalSection(ProjectConfigurationPlatforms) = postSolution
		{857A2F9F-D218-4275-AE49-CBD485D1571A}.Debug|Any CPU.ActiveCfg = Debug|Any CPU
		{857A2F9F-D218-4275-AE49-CBD485D1571A}.Debug|Any CPU.Build.0 = Debug|Any CPU
		{857A2F9F-D218-4275-AE49-CBD485D1571A}.Release|Any CPU.ActiveCfg = Release|Any CPU
		{857A2F9F-D218-4275-AE49-CBD485D1571A}.Release|Any CPU.Build.0 = Release|Any CPU
	EndGlobalSection
	GlobalSection(SolutionProperties) = preSolution
		HideSolutionNode = FALSE
	EndGlobalSection
	GlobalSection(ExtensibilityGlobals) = postSolution
		SolutionGuid = {AD16BF8A-FEE2-414F-82AD-F0C0AB000141}
	EndGlobalSection
EndGlobal
